
Microsoft Visual Studio Solution File, Format Version 12.00
# Visual Studio 14
VisualStudioVersion = 14.0.25420.1
MinimumVisualStudioVersion = 10.0.40219.1
Project("{FAE04EC0-301F-11D3-BF4B-00C04F79EFBC}") = "ConsolidationTool", "ConsolidationTool\ConsolidationTool.csproj", "{8E4AA1EC-6852-45DE-8CF4-FB3967690E14}"
EndProject
Global
	GlobalSection(SolutionConfigurationPlatforms) = preSolution
		Debug|Any CPU = Debug|Any CPU
		Release|Any CPU = Release|Any CPU
	EndGlobalSection
	GlobalSection(ProjectConfigurationPlatforms) = postSolution
		{8E4AA1EC-6852-45DE-8CF4-FB3967690E14}.Debug|Any CPU.ActiveCfg = Debug|Any CPU
		{8E4AA1EC-6852-45DE-8CF4-FB3967690E14}.Debug|Any CPU.Build.0 = Debug|Any CPU
		{8E4AA1EC-6852-45DE-8CF4-FB3967690E14}.Release|Any CPU.ActiveCfg = Release|Any CPU
		{8E4AA1EC-6852-45DE-8CF4-FB3967690E14}.Release|Any CPU.Build.0 = Release|Any CPU
	EndGlobalSection
	GlobalSection(SolutionProperties) = preSolution
		HideSolutionNode = FALSE
	EndGlobalSection
EndGlobal
